// !$*UTF8*$!
{
	archiveVersion = 1;
	classes = {
	};
	objectVersion = 56;
	objects = {

/* Begin PBXBuildFile section */
		8E81691B2C4FE8A7000157AC /* Super_HeroesApp.swift in Sources */ = {isa = PBXBuildFile; fileRef = 8E81691A2C4FE8A7000157AC /* Super_HeroesApp.swift */; };
		8E81691F2C4FE8A8000157AC /* Assets.xcassets in Resources */ = {isa = PBXBuildFile; fileRef = 8E81691E2C4FE8A8000157AC /* Assets.xcassets */; };
		8E8169222C4FE8A8000157AC /* Preview Assets.xcassets in Resources */ = {isa = PBXBuildFile; fileRef = 8E8169212C4FE8A8000157AC /* Preview Assets.xcassets */; };
		8E81692F2C4FE8DE000157AC /* SKListRowView.swift in Sources */ = {isa = PBXBuildFile; fileRef = 8E8169282C4FE8DE000157AC /* SKListRowView.swift */; };
		8E8169302C4FE8DE000157AC /* DetayView.swift in Sources */ = {isa = PBXBuildFile; fileRef = 8E8169292C4FE8DE000157AC /* DetayView.swift */; };
		8E8169312C4FE8DE000157AC /* ImageView.swift in Sources */ = {isa = PBXBuildFile; fileRef = 8E81692A2C4FE8DE000157AC /* ImageView.swift */; };
		8E8169322C4FE8DE000157AC /* MapView.swift in Sources */ = {isa = PBXBuildFile; fileRef = 8E81692B2C4FE8DE000157AC /* MapView.swift */; };
		8E8169332C4FE8DE000157AC /* SuperKahraman.swift in Sources */ = {isa = PBXBuildFile; fileRef = 8E81692C2C4FE8DE000157AC /* SuperKahraman.swift */; };
		8E8169362C4FE8F7000157AC /* ContentView.swift in Sources */ = {isa = PBXBuildFile; fileRef = 8E8169352C4FE8F7000157AC /* ContentView.swift */; };
/* End PBXBuildFile section */

/* Begin PBXFileReference section */
		8E8169172C4FE8A7000157AC /* Super Heroes.app */ = {isa = PBXFileReference; explicitFileType = wrapper.application; includeInIndex = 0; path = "Super Heroes.app"; sourceTree = BUILT_PRODUCTS_DIR; };
		8E81691A2C4FE8A7000157AC /* Super_HeroesApp.swift */ = {isa = PBXFileReference; lastKnownFileType = sourcecode.swift; path = Super_HeroesApp.swift; sourceTree = "<group>"; };
		8E81691E2C4FE8A8000157AC /* Assets.xcassets */ = {isa = PBXFileReference; lastKnownFileType = folder.assetcatalog; path = Assets.xcassets; sourceTree = "<group>"; };
		8E8169212C4FE8A8000157AC /* Preview Assets.xcassets */ = {isa = PBXFileReference; lastKnownFileType = folder.assetcatalog; path = "Preview Assets.xcassets"; sourceTree = "<group>"; };
		8E8169282C4FE8DE000157AC /* SKListRowView.swift */ = {isa = PBXFileReference; fileEncoding = 4; lastKnownFileType = sourcecode.swift; path = SKListRowView.swift; sourceTree = "<group>"; };
		8E8169292C4FE8DE000157AC /* DetayView.swift */ = {isa = PBXFileReference; fileEncoding = 4; lastKnownFileType = sourcecode.swift; path = DetayView.swift; sourceTree = "<group>"; };
		8E81692A2C4FE8DE000157AC /* ImageView.swift */ = {isa = PBXFileReference; fileEncoding = 4; lastKnownFileType = sourcecode.swift; path = ImageView.swift; sourceTree = "<group>"; };
		8E81692B2C4FE8DE000157AC /* MapView.swift */ = {isa = PBXFileReference; fileEncoding = 4; lastKnownFileType = sourcecode.swift; path = MapView.swift; sourceTree = "<group>"; };
		8E81692C2C4FE8DE000157AC /* SuperKahraman.swift */ = {isa = PBXFileReference; fileEncoding = 4; lastKnownFileType = sourcecode.swift; path = SuperKahraman.swift; sourceTree = "<group>"; };
		8E8169352C4FE8F7000157AC /* ContentView.swift */ = {isa = PBXFileReference; fileEncoding = 4; lastKnownFileType = sourcecode.swift; path = ContentView.swift; sourceTree = "<group>"; };
/* End PBXFileReference section */

/* Begin PBXFrameworksBuildPhase section */
		8E8169142C4FE8A7000157AC /* Frameworks */ = {
			isa = PBXFrameworksBuildPhase;
			buildActionMask = 2147483647;
			files = (
			);
			runOnlyForDeploymentPostprocessing = 0;
		};
/* End PBXFrameworksBuildPhase section */

/* Begin PBXGroup section */
		8E81690E2C4FE8A7000157AC = {
			isa = PBXGroup;
			children = (
				8E8169192C4FE8A7000157AC /* Super Heroes */,
				8E8169182C4FE8A7000157AC /* Products */,
			);
			sourceTree = "<group>";
		};
		8E8169182C4FE8A7000157AC /* Products */ = {
			isa = PBXGroup;
			children = (
				8E8169172C4FE8A7000157AC /* Super Heroes.app */,
			);
			name = Products;
			sourceTree = "<group>";
		};
		8E8169192C4FE8A7000157AC /* Super Heroes */ = {
			isa = PBXGroup;
			children = (
				8E8169352C4FE8F7000157AC /* ContentView.swift */,
				8E8169372C4FE935000157AC /* View */,
				8E81692E2C4FE8DE000157AC /* Model */,
				8E81691A2C4FE8A7000157AC /* Super_HeroesApp.swift */,
				8E81691E2C4FE8A8000157AC /* Assets.xcassets */,
				8E8169202C4FE8A8000157AC /* Preview Content */,
			);
			path = "Super Heroes";
			sourceTree = "<group>";
		};
		8E8169202C4FE8A8000157AC /* Preview Content */ = {
			isa = PBXGroup;
			children = (
				8E8169212C4FE8A8000157AC /* Preview Assets.xcassets */,
			);
			path = "Preview Content";
			sourceTree = "<group>";
		};
		8E81692E2C4FE8DE000157AC /* Model */ = {
			isa = PBXGroup;
			children = (
				8E81692C2C4FE8DE000157AC /* SuperKahraman.swift */,
			);
			path = Model;
			sourceTree = "<group>";
		};
		8E8169372C4FE935000157AC /* View */ = {
			isa = PBXGroup;
			children = (
				8E8169282C4FE8DE000157AC /* SKListRowView.swift */,
				8E8169292C4FE8DE000157AC /* DetayView.swift */,
				8E81692A2C4FE8DE000157AC /* ImageView.swift */,
				8E81692B2C4FE8DE000157AC /* MapView.swift */,
			);
			path = View;
			sourceTree = "<group>";
		};
/* End PBXGroup section */

/* Begin PBXNativeTarget section */
		8E8169162C4FE8A7000157AC /* Super Heroes */ = {
			isa = PBXNativeTarget;
			buildConfigurationList = 8E8169252C4FE8A8000157AC /* Build configuration list for PBXNativeTarget "Super Heroes" */;
			buildPhases = (
				8E8169132C4FE8A7000157AC /* Sources */,
				8E8169142C4FE8A7000157AC /* Frameworks */,
				8E8169152C4FE8A7000157AC /* Resources */,
			);
			buildRules = (
			);
			dependencies = (
			);
			name = "Super Heroes";
			productName = "Super Heroes";
			productReference = 8E8169172C4FE8A7000157AC /* Super Heroes.app */;
			productType = "com.apple.product-type.application";
		};
/* End PBXNativeTarget section */

/* Begin PBXProject section */
		8E81690F2C4FE8A7000157AC /* Project object */ = {
			isa = PBXProject;
			attributes = {
				BuildIndependentTargetsInParallel = 1;
				LastSwiftUpdateCheck = 1540;
				LastUpgradeCheck = 1540;
				TargetAttributes = {
					8E8169162C4FE8A7000157AC = {
						CreatedOnToolsVersion = 15.4;
					};
				};
			};
			buildConfigurationList = 8E8169122C4FE8A7000157AC /* Build configuration list for PBXProject "Super Heroes" */;
			compatibilityVersion = "Xcode 14.0";
			developmentRegion = en;
			hasScannedForEncodings = 0;
			knownRegions = (
				en,
				Base,
			);
			mainGroup = 8E81690E2C4FE8A7000157AC;
			productRefGroup = 8E8169182C4FE8A7000157AC /* Products */;
			projectDirPath = "";
			projectRoot = "";
			targets = (
				8E8169162C4FE8A7000157AC /* Super Heroes */,
			);
		};
/* End PBXProject section */

/* Begin PBXResourcesBuildPhase section */
		8E8169152C4FE8A7000157AC /* Resources */ = {
			isa = PBXResourcesBuildPhase;
			buildActionMask = 2147483647;
			files = (
				8E8169222C4FE8A8000157AC /* Preview Assets.xcassets in Resources */,
				8E81691F2C4FE8A8000157AC /* Assets.xcassets in Resources */,
			);
			runOnlyForDeploymentPostprocessing = 0;
		};
/* End PBXResourcesBuildPhase section */

/* Begin PBXSourcesBuildPhase section */
		8E8169132C4FE8A7000157AC /* Sources */ = {
			isa = PBXSourcesBuildPhase;
			buildActionMask = 2147483647;
			files = (
				8E8169332C4FE8DE000157AC /* SuperKahraman.swift in Sources */,
				8E8169312C4FE8DE000157AC /* ImageView.swift in Sources */,
				8E8169362C4FE8F7000157AC /* ContentView.swift in Sources */,
				8E8169322C4FE8DE000157AC /* MapView.swift in Sources */,
				8E8169302C4FE8DE000157AC /* DetayView.swift in Sources */,
				8E81692F2C4FE8DE000157AC /* SKListRowView.swift in Sources */,
				8E81691B2C4FE8A7000157AC /* Super_HeroesApp.swift in Sources */,
			);
			runOnlyForDeploymentPostprocessing = 0;
		};
/* End PBXSourcesBuildPhase section */

/* Begin XCBuildConfiguration section */
		8E8169232C4FE8A8000157AC /* Debug */ = {
			isa = XCBuildConfiguration;
			buildSettings = {
				ALWAYS_SEARCH_USER_PATHS = NO;
				ASSETCATALOG_COMPILER_GENERATE_SWIFT_ASSET_SYMBOL_EXTENSIONS = YES;
				CLANG_ANALYZER_NONNULL = YES;
				CLANG_ANALYZER_NUMBER_OBJECT_CONVERSION = YES_AGGRESSIVE;
				CLANG_CXX_LANGUAGE_STANDARD = "gnu++20";
				CLANG_ENABLE_MODULES = YES;
				CLANG_ENABLE_OBJC_ARC = YES;
				CLANG_ENABLE_OBJC_WEAK = YES;
				CLANG_WARN_BLOCK_CAPTURE_AUTORELEASING = YES;
				CLANG_WARN_BOOL_CONVERSION = YES;
				CLANG_WARN_COMMA = YES;
				CLANG_WARN_CONSTANT_CONVERSION = YES;
				CLANG_WARN_DEPRECATED_OBJC_IMPLEMENTATIONS = YES;
				CLANG_WARN_DIRECT_OBJC_ISA_USAGE = YES_ERROR;
				CLANG_WARN_DOCUMENTATION_COMMENTS = YES;
				CLANG_WARN_EMPTY_BODY = YES;
				CLANG_WARN_ENUM_CONVERSION = YES;
				CLANG_WARN_INFINITE_RECURSION = YES;
				CLANG_WARN_INT_CONVERSION = YES;
				CLANG_WARN_NON_LITERAL_NULL_CONVERSION = YES;
				CLANG_WARN_OBJC_IMPLICIT_RETAIN_SELF = YES;
				CLANG_WARN_OBJC_LITERAL_CONVERSION = YES;
				CLANG_WARN_OBJC_ROOT_CLASS = YES_ERROR;
				CLANG_WARN_QUOTED_INCLUDE_IN_FRAMEWORK_HEADER = YES;
				CLANG_WARN_RANGE_LOOP_ANALYSIS = YES;
				CLANG_WARN_STRICT_PROTOTYPES = YES;
				CLANG_WARN_SUSPICIOUS_MOVE = YES;
				CLANG_WARN_UNGUARDED_AVAILABILITY = YES_AGGRESSIVE;
				CLANG_WARN_UNREACHABLE_CODE = YES;
				CLANG_WARN__DUPLICATE_METHOD_MATCH = YES;
				COPY_PHASE_STRIP = NO;
				DEBUG_INFORMATION_FORMAT = dwarf;
				ENABLE_STRICT_OBJC_MSGSEND = YES;
				ENABLE_TESTABILITY = YES;
				ENABLE_USER_SCRIPT_SANDBOXING = YES;
				GCC_C_LANGUAGE_STANDARD = gnu17;
				GCC_DYNAMIC_NO_PIC = NO;
				GCC_NO_COMMON_BLOCKS = YES;
				GCC_OPTIMIZATION_LEVEL = 0;
				GCC_PREPROCESSOR_DEFINITIONS = (
					"DEBUG=1",
					"$(inherited)",
				);
				GCC_WARN_64_TO_32_BIT_CONVERSION = YES;
				GCC_WARN_ABOUT_RETURN_TYPE = YES_ERROR;
				GCC_WARN_UNDECLARED_SELECTOR = YES;
				GCC_WARN_UNINITIALIZED_AUTOS = YES_AGGRESSIVE;
				GCC_WARN_UNUSED_FUNCTION = YES;
				GCC_WARN_UNUSED_VARIABLE = YES;
				IPHONEOS_DEPLOYMENT_TARGET = 17.5;
				LOCALIZATION_PREFERS_STRING_CATALOGS = YES;
				MTL_ENABLE_DEBUG_INFO = INCLUDE_SOURCE;
				MTL_FAST_MATH = YES;
				ONLY_ACTIVE_ARCH = YES;
				SDKROOT = iphoneos;
				SWIFT_ACTIVE_COMPILATION_CONDITIONS = "DEBUG $(inherited)";
				SWIFT_OPTIMIZATION_LEVEL = "-Onone";
			};
			name = Debug;
		};
		8E8169242C4FE8A8000157AC /* Release */ = {
			isa = XCBuildConfiguration;
			buildSettings = {
				ALWAYS_SEARCH_USER_PATHS = NO;
				ASSETCATALOG_COMPILER_GENERATE_SWIFT_ASSET_SYMBOL_EXTENSIONS = YES;
				CLANG_ANALYZER_NONNULL = YES;
				CLANG_ANALYZER_NUMBER_OBJECT_CONVERSION = YES_AGGRESSIVE;
				CLANG_CXX_LANGUAGE_STANDARD = "gnu++20";
				CLANG_ENABLE_MODULES = YES;
				CLANG_ENABLE_OBJC_ARC = YES;
				CLANG_ENABLE_OBJC_WEAK = YES;
				CLANG_WARN_BLOCK_CAPTURE_AUTORELEASING = YES;
				CLANG_WARN_BOOL_CONVERSION = YES;
				CLANG_WARN_COMMA = YES;
				CLANG_WARN_CONSTANT_CONVERSION = YES;
				CLANG_WARN_DEPRECATED_OBJC_IMPLEMENTATIONS = YES;
				CLANG_WARN_DIRECT_OBJC_ISA_USAGE = YES_ERROR;
				CLANG_WARN_DOCUMENTATION_COMMENTS = YES;
				CLANG_WARN_EMPTY_BODY = YES;
				CLANG_WARN_ENUM_CONVERSION = YES;
				CLANG_WARN_INFINITE_RECURSION = YES;
				CLANG_WARN_INT_CONVERSION = YES;
				CLANG_WARN_NON_LITERAL_NULL_CONVERSION = YES;
				CLANG_WARN_OBJC_IMPLICIT_RETAIN_SELF = YES;
				CLANG_WARN_OBJC_LITERAL_CONVERSION = YES;
				CLANG_WARN_OBJC_ROOT_CLASS = YES_ERROR;
				CLANG_WARN_QUOTED_INCLUDE_IN_FRAMEWORK_HEADER = YES;
				CLANG_WARN_RANGE_LOOP_ANALYSIS = YES;
				CLANG_WARN_STRICT_PROTOTYPES = YES;
				CLANG_WARN_SUSPICIOUS_MOVE = YES;
				CLANG_WARN_UNGUARDED_AVAILABILITY = YES_AGGRESSIVE;
				CLANG_WARN_UNREACHABLE_CODE = YES;
				CLANG_WARN__DUPLICATE_METHOD_MATCH = YES;
				COPY_PHASE_STRIP = NO;
				DEBUG_INFORMATION_FORMAT = "dwarf-with-dsym";
				ENABLE_NS_ASSERTIONS = NO;
				ENABLE_STRICT_OBJC_MSGSEND = YES;
				ENABLE_USER_SCRIPT_SANDBOXING = YES;
				GCC_C_LANGUAGE_STANDARD = gnu17;
				GCC_NO_COMMON_BLOCKS = YES;
				GCC_WARN_64_TO_32_BIT_CONVERSION = YES;
				GCC_WARN_ABOUT_RETURN_TYPE = YES_ERROR;
				GCC_WARN_UNDECLARED_SELECTOR = YES;
				GCC_WARN_UNINITIALIZED_AUTOS = YES_AGGRESSIVE;
				GCC_WARN_UNUSED_FUNCTION = YES;
				GCC_WARN_UNUSED_VARIABLE = YES;
				IPHONEOS_DEPLOYMENT_TARGET = 17.5;
				LOCALIZATION_PREFERS_STRING_CATALOGS = YES;
				MTL_ENABLE_DEBUG_INFO = NO;
				MTL_FAST_MATH = YES;
				SDKROOT = iphoneos;
				SWIFT_COMPILATION_MODE = wholemodule;
				VALIDATE_PRODUCT = YES;
			};
			name = Release;
		};
		8E8169262C4FE8A8000157AC /* Debug */ = {
			isa = XCBuildConfiguration;
			buildSettings = {
				ASSETCATALOG_COMPILER_APPICON_NAME = AppIcon;
				ASSETCATALOG_COMPILER_GLOBAL_ACCENT_COLOR_NAME = AccentColor;
				CODE_SIGN_STYLE = Automatic;
				CURRENT_PROJECT_VERSION = 1;
				DEVELOPMENT_ASSET_PATHS = "\"Super Heroes/Preview Content\"";
				DEVELOPMENT_TEAM = X2SZBC843F;
				ENABLE_PREVIEWS = YES;
				GENERATE_INFOPLIST_FILE = YES;
				INFOPLIST_KEY_UIApplicationSceneManifest_Generation = YES;
				INFOPLIST_KEY_UIApplicationSupportsIndirectInputEvents = YES;
				INFOPLIST_KEY_UILaunchScreen_Generation = YES;
				INFOPLIST_KEY_UISupportedInterfaceOrientations_iPad = "UIInterfaceOrientationPortrait UIInterfaceOrientationPortraitUpsideDown UIInterfaceOrientationLandscapeLeft UIInterfaceOrientationLandscapeRight";
				INFOPLIST_KEY_UISupportedInterfaceOrientations_iPhone = "UIInterfaceOrientationPortrait UIInterfaceOrientationLandscapeLeft UIInterfaceOrientationLandscapeRight";
				LD_RUNPATH_SEARCH_PATHS = (
					"$(inherited)",
					"@executable_path/Frameworks",
				);
				MARKETING_VERSION = 1.0;
				PRODUCT_BUNDLE_IDENTIFIER = "com.yarenunal.Super-Heroes";
				PRODUCT_NAME = "$(TARGET_NAME)";
				SWIFT_EMIT_LOC_STRINGS = YES;
				SWIFT_VERSION = 5.0;
				TARGETED_DEVICE_FAMILY = "1,2";
			};
			name = Debug;
		};
		8E8169272C4FE8A8000157AC /* Release */ = {
			isa = XCBuildConfiguration;
			buildSettings = {
				ASSETCATALOG_COMPILER_APPICON_NAME = AppIcon;
				ASSETCATALOG_COMPILER_GLOBAL_ACCENT_COLOR_NAME = AccentColor;
				CODE_SIGN_STYLE = Automatic;
				CURRENT_PROJECT_VERSION = 1;
				DEVELOPMENT_ASSET_PATHS = "\"Super Heroes/Preview Content\"";
				DEVELOPMENT_TEAM = X2SZBC843F;
				ENABLE_PREVIEWS = YES;
				GENERATE_INFOPLIST_FILE = YES;
				INFOPLIST_KEY_UIApplicationSceneManifest_Generation = YES;
				INFOPLIST_KEY_UIApplicationSupportsIndirectInputEvents = YES;
				INFOPLIST_KEY_UILaunchScreen_Generation = YES;
				INFOPLIST_KEY_UISupportedInterfaceOrientations_iPad = "UIInterfaceOrientationPortrait UIInterfaceOrientationPortraitUpsideDown UIInterfaceOrientationLandscapeLeft UIInterfaceOrientationLandscapeRight";
				INFOPLIST_KEY_UISupportedInterfaceOrientations_iPhone = "UIInterfaceOrientationPortrait UIInterfaceOrientationLandscapeLeft UIInterfaceOrientationLandscapeRight";
				LD_RUNPATH_SEARCH_PATHS = (
					"$(inherited)",
					"@executable_path/Frameworks",
				);
				MARKETING_VERSION = 1.0;
				PRODUCT_BUNDLE_IDENTIFIER = "com.yarenunal.Super-Heroes";
				PRODUCT_NAME = "$(TARGET_NAME)";
				SWIFT_EMIT_LOC_STRINGS = YES;
				SWIFT_VERSION = 5.0;
				TARGETED_DEVICE_FAMILY = "1,2";
			};
			name = Release;
		};
/* End XCBuildConfiguration section */

/* Begin XCConfigurationList section */
		8E8169122C4FE8A7000157AC /* Build configuration list for PBXProject "Super Heroes" */ = {
			isa = XCConfigurationList;
			buildConfigurations = (
				8E8169232C4FE8A8000157AC /* Debug */,
				8E8169242C4FE8A8000157AC /* Release */,
			);
			defaultConfigurationIsVisible = 0;
			defaultConfigurationName = Release;
		};
		8E8169252C4FE8A8000157AC /* Build configuration list for PBXNativeTarget "Super Heroes" */ = {
			isa = XCConfigurationList;
			buildConfigurations = (
				8E8169262C4FE8A8000157AC /* Debug */,
				8E8169272C4FE8A8000157AC /* Release */,
			);
			defaultConfigurationIsVisible = 0;
			defaultConfigurationName = Release;
		};
/* End XCConfigurationList section */
	};
	rootObject = 8E81690F2C4FE8A7000157AC /* Project object */;
}
